<?xml version="1.0" encoding="UTF-8"?>
<CodeBlocks_project_file>
	<FileVersion major="1" minor="6"/>
	<Project>
		<Option title="TrackingV11.1"/>
		<Option makefile_is_custom="1"/>
		<Option compiler="gcc"/>
		<Option virtualFolders="CMake Files\;CMake Files\..\;CMake Files\..\..\;CMake Files\..\..\OPENCV-4.5.0\;CMake Files\..\..\OPENCV-4.5.0\lib\;CMake Files\..\..\OPENCV-4.5.0\lib\cmake\;CMake Files\..\..\OPENCV-4.5.0\lib\cmake\opencv4\;"/>
		<Build>
			<Target title="all">
				<Option working_dir="/home/altex/tensorrtx/build-yolov5_exploring-Desktop-Debug"/>
				<Option type="4"/>
				<MakeCommands>
					<Build command="/usr/bin/make -j16 -f &quot;/home/altex/tensorrtx/build-yolov5_exploring-Desktop-Debug/Makefile&quot;  VERBOSE=1 all"/>
					<CompileFile command="/usr/bin/make -j16 -f &quot;/home/altex/tensorrtx/build-yolov5_exploring-Desktop-Debug/Makefile&quot;  VERBOSE=1 &quot;$file&quot;"/>
					<Clean command="/usr/bin/make -j16 -f &quot;/home/altex/tensorrtx/build-yolov5_exploring-Desktop-Debug/Makefile&quot;  VERBOSE=1 clean"/>
					<DistClean command="/usr/bin/make -j16 -f &quot;/home/altex/tensorrtx/build-yolov5_exploring-Desktop-Debug/Makefile&quot;  VERBOSE=1 clean"/>
				</MakeCommands>
			</Target>
			<Target title="rebuild_cache">
				<Option working_dir="/home/altex/tensorrtx/build-yolov5_exploring-Desktop-Debug"/>
				<Option type="4"/>
				<MakeCommands>
					<Build command="/usr/bin/make -j16 -f &quot;/home/altex/tensorrtx/build-yolov5_exploring-Desktop-Debug/Makefile&quot;  VERBOSE=1 rebuild_cache"/>
					<CompileFile command="/usr/bin/make -j16 -f &quot;/home/altex/tensorrtx/build-yolov5_exploring-Desktop-Debug/Makefile&quot;  VERBOSE=1 &quot;$file&quot;"/>
					<Clean command="/usr/bin/make -j16 -f &quot;/home/altex/tensorrtx/build-yolov5_exploring-Desktop-Debug/Makefile&quot;  VERBOSE=1 clean"/>
					<DistClean command="/usr/bin/make -j16 -f &quot;/home/altex/tensorrtx/build-yolov5_exploring-Desktop-Debug/Makefile&quot;  VERBOSE=1 clean"/>
				</MakeCommands>
			</Target>
			<Target title="edit_cache">
				<Option working_dir="/home/altex/tensorrtx/build-yolov5_exploring-Desktop-Debug"/>
				<Option type="4"/>
				<MakeCommands>
					<Build command="/usr/bin/make -j16 -f &quot;/home/altex/tensorrtx/build-yolov5_exploring-Desktop-Debug/Makefile&quot;  VERBOSE=1 edit_cache"/>
					<CompileFile command="/usr/bin/make -j16 -f &quot;/home/altex/tensorrtx/build-yolov5_exploring-Desktop-Debug/Makefile&quot;  VERBOSE=1 &quot;$file&quot;"/>
					<Clean command="/usr/bin/make -j16 -f &quot;/home/altex/tensorrtx/build-yolov5_exploring-Desktop-Debug/Makefile&quot;  VERBOSE=1 clean"/>
					<DistClean command="/usr/bin/make -j16 -f &quot;/home/altex/tensorrtx/build-yolov5_exploring-Desktop-Debug/Makefile&quot;  VERBOSE=1 clean"/>
				</MakeCommands>
			</Target>
			<Target title="deep_cores">
				<Option output="/home/altex/tensorrtx/build-yolov5_exploring-Desktop-Debug/libdeep_cores.so" prefix_auto="0" extension_auto="0"/>
				<Option working_dir="/home/altex/tensorrtx/build-yolov5_exploring-Desktop-Debug"/>
				<Option object_output="./"/>
				<Option type="3"/>
				<Option compiler="gcc"/>
				<Compiler>
					<Add directory="/home/altex/tensorrtx/yolov5_exploring/yolov5"/>
					<Add directory="/usr/local/cuda-11.0/include"/>
					<Add directory="/usr/local/TensorRT-7.2.2.3.Ubuntu-18.04.x86_64-gnu.cuda-11.0.cudnn8.0/TensorRT-7.2.2.3/include"/>
					<Add directory="/usr/local/cuda/include"/>
					<Add directory="/home/altex/tensorrtx/yolov5_exploring/include"/>
					<Add directory="/home/altex/OPENCV-4.5.0/include/opencv4"/>
					<Add directory="/usr/include/c++/7"/>
					<Add directory="/usr/include/x86_64-linux-gnu/c++/7"/>
					<Add directory="/usr/include/c++/7/backward"/>
					<Add directory="/usr/lib/gcc/x86_64-linux-gnu/7/include"/>
					<Add directory="/usr/local/include"/>
					<Add directory="/usr/lib/gcc/x86_64-linux-gnu/7/include-fixed"/>
					<Add directory="/usr/include/x86_64-linux-gnu"/>
					<Add directory="/usr/include"/>
				</Compiler>
				<MakeCommands>
					<Build command="/usr/bin/make -j16 -f &quot;/home/altex/tensorrtx/build-yolov5_exploring-Desktop-Debug/Makefile&quot;  VERBOSE=1 deep_cores"/>
					<CompileFile command="/usr/bin/make -j16 -f &quot;/home/altex/tensorrtx/build-yolov5_exploring-Desktop-Debug/Makefile&quot;  VERBOSE=1 &quot;$file&quot;"/>
					<Clean command="/usr/bin/make -j16 -f &quot;/home/altex/tensorrtx/build-yolov5_exploring-Desktop-Debug/Makefile&quot;  VERBOSE=1 clean"/>
					<DistClean command="/usr/bin/make -j16 -f &quot;/home/altex/tensorrtx/build-yolov5_exploring-Desktop-Debug/Makefile&quot;  VERBOSE=1 clean"/>
				</MakeCommands>
			</Target>
			<Target title="deep_cores/fast">
				<Option output="/home/altex/tensorrtx/build-yolov5_exploring-Desktop-Debug/libdeep_cores.so" prefix_auto="0" extension_auto="0"/>
				<Option working_dir="/home/altex/tensorrtx/build-yolov5_exploring-Desktop-Debug"/>
				<Option object_output="./"/>
				<Option type="3"/>
				<Option compiler="gcc"/>
				<Compiler>
					<Add directory="/home/altex/tensorrtx/yolov5_exploring/yolov5"/>
					<Add directory="/usr/local/cuda-11.0/include"/>
					<Add directory="/usr/local/TensorRT-7.2.2.3.Ubuntu-18.04.x86_64-gnu.cuda-11.0.cudnn8.0/TensorRT-7.2.2.3/include"/>
					<Add directory="/usr/local/cuda/include"/>
					<Add directory="/home/altex/tensorrtx/yolov5_exploring/include"/>
					<Add directory="/home/altex/OPENCV-4.5.0/include/opencv4"/>
					<Add directory="/usr/include/c++/7"/>
					<Add directory="/usr/include/x86_64-linux-gnu/c++/7"/>
					<Add directory="/usr/include/c++/7/backward"/>
					<Add directory="/usr/lib/gcc/x86_64-linux-gnu/7/include"/>
					<Add directory="/usr/local/include"/>
					<Add directory="/usr/lib/gcc/x86_64-linux-gnu/7/include-fixed"/>
					<Add directory="/usr/include/x86_64-linux-gnu"/>
					<Add directory="/usr/include"/>
				</Compiler>
				<MakeCommands>
					<Build command="/usr/bin/make -j16 -f &quot;/home/altex/tensorrtx/build-yolov5_exploring-Desktop-Debug/Makefile&quot;  VERBOSE=1 deep_cores/fast"/>
					<CompileFile command="/usr/bin/make -j16 -f &quot;/home/altex/tensorrtx/build-yolov5_exploring-Desktop-Debug/Makefile&quot;  VERBOSE=1 &quot;$file&quot;"/>
					<Clean command="/usr/bin/make -j16 -f &quot;/home/altex/tensorrtx/build-yolov5_exploring-Desktop-Debug/Makefile&quot;  VERBOSE=1 clean"/>
					<DistClean command="/usr/bin/make -j16 -f &quot;/home/altex/tensorrtx/build-yolov5_exploring-Desktop-Debug/Makefile&quot;  VERBOSE=1 clean"/>
				</MakeCommands>
			</Target>
			<Target title="TrackingV11.1">
				<Option output="/home/altex/tensorrtx/build-yolov5_exploring-Desktop-Debug/TrackingV11.1" prefix_auto="0" extension_auto="0"/>
				<Option working_dir="/home/altex/tensorrtx/build-yolov5_exploring-Desktop-Debug"/>
				<Option object_output="./"/>
				<Option type="1"/>
				<Option compiler="gcc"/>
				<Compiler>
					<Add directory="/home/altex/tensorrtx/yolov5_exploring/yolov5"/>
					<Add directory="/usr/local/cuda-11.0/include"/>
					<Add directory="/usr/local/TensorRT-7.2.2.3.Ubuntu-18.04.x86_64-gnu.cuda-11.0.cudnn8.0/TensorRT-7.2.2.3/include"/>
					<Add directory="/usr/local/cuda/include"/>
					<Add directory="/home/altex/tensorrtx/yolov5_exploring/include"/>
					<Add directory="/home/altex/OPENCV-4.5.0/include/opencv4"/>
					<Add directory="/usr/include/c++/7"/>
					<Add directory="/usr/include/x86_64-linux-gnu/c++/7"/>
					<Add directory="/usr/include/c++/7/backward"/>
					<Add directory="/usr/lib/gcc/x86_64-linux-gnu/7/include"/>
					<Add directory="/usr/local/include"/>
					<Add directory="/usr/lib/gcc/x86_64-linux-gnu/7/include-fixed"/>
					<Add directory="/usr/include/x86_64-linux-gnu"/>
					<Add directory="/usr/include"/>
				</Compiler>
				<MakeCommands>
					<Build command="/usr/bin/make -j16 -f &quot;/home/altex/tensorrtx/build-yolov5_exploring-Desktop-Debug/Makefile&quot;  VERBOSE=1 TrackingV11.1"/>
					<CompileFile command="/usr/bin/make -j16 -f &quot;/home/altex/tensorrtx/build-yolov5_exploring-Desktop-Debug/Makefile&quot;  VERBOSE=1 &quot;$file&quot;"/>
					<Clean command="/usr/bin/make -j16 -f &quot;/home/altex/tensorrtx/build-yolov5_exploring-Desktop-Debug/Makefile&quot;  VERBOSE=1 clean"/>
					<DistClean command="/usr/bin/make -j16 -f &quot;/home/altex/tensorrtx/build-yolov5_exploring-Desktop-Debug/Makefile&quot;  VERBOSE=1 clean"/>
				</MakeCommands>
			</Target>
			<Target title="TrackingV11.1/fast">
				<Option output="/home/altex/tensorrtx/build-yolov5_exploring-Desktop-Debug/TrackingV11.1" prefix_auto="0" extension_auto="0"/>
				<Option working_dir="/home/altex/tensorrtx/build-yolov5_exploring-Desktop-Debug"/>
				<Option object_output="./"/>
				<Option type="1"/>
				<Option compiler="gcc"/>
				<Compiler>
					<Add directory="/home/altex/tensorrtx/yolov5_exploring/yolov5"/>
					<Add directory="/usr/local/cuda-11.0/include"/>
					<Add directory="/usr/local/TensorRT-7.2.2.3.Ubuntu-18.04.x86_64-gnu.cuda-11.0.cudnn8.0/TensorRT-7.2.2.3/include"/>
					<Add directory="/usr/local/cuda/include"/>
					<Add directory="/home/altex/tensorrtx/yolov5_exploring/include"/>
					<Add directory="/home/altex/OPENCV-4.5.0/include/opencv4"/>
					<Add directory="/usr/include/c++/7"/>
					<Add directory="/usr/include/x86_64-linux-gnu/c++/7"/>
					<Add directory="/usr/include/c++/7/backward"/>
					<Add directory="/usr/lib/gcc/x86_64-linux-gnu/7/include"/>
					<Add directory="/usr/local/include"/>
					<Add directory="/usr/lib/gcc/x86_64-linux-gnu/7/include-fixed"/>
					<Add directory="/usr/include/x86_64-linux-gnu"/>
					<Add directory="/usr/include"/>
				</Compiler>
				<MakeCommands>
					<Build command="/usr/bin/make -j16 -f &quot;/home/altex/tensorrtx/build-yolov5_exploring-Desktop-Debug/Makefile&quot;  VERBOSE=1 TrackingV11.1/fast"/>
					<CompileFile command="/usr/bin/make -j16 -f &quot;/home/altex/tensorrtx/build-yolov5_exploring-Desktop-Debug/Makefile&quot;  VERBOSE=1 &quot;$file&quot;"/>
					<Clean command="/usr/bin/make -j16 -f &quot;/home/altex/tensorrtx/build-yolov5_exploring-Desktop-Debug/Makefile&quot;  VERBOSE=1 clean"/>
					<DistClean command="/usr/bin/make -j16 -f &quot;/home/altex/tensorrtx/build-yolov5_exploring-Desktop-Debug/Makefile&quot;  VERBOSE=1 clean"/>
				</MakeCommands>
			</Target>
		</Build>
		<Unit filename="/home/altex/tensorrtx/build-yolov5_exploring-Desktop-Debug/CMakeFiles/deep_cores.dir/yolov5/deep_cores_generated_yololayer.cu.o">
			<Option target="deep_cores"/>
		</Unit>
		<Unit filename="/home/altex/tensorrtx/yolov5_exploring/src/main.cpp">
			<Option target="TrackingV11.1"/>
		</Unit>
		<Unit filename="/home/altex/tensorrtx/yolov5_exploring/src/visualizer.cpp">
			<Option target="TrackingV11.1"/>
		</Unit>
		<Unit filename="/home/altex/tensorrtx/yolov5_exploring/yolov5/common.hpp">
			<Option target="deep_cores"/>
		</Unit>
		<Unit filename="/home/altex/tensorrtx/yolov5_exploring/yolov5/cuda_utils.h">
			<Option target="deep_cores"/>
		</Unit>
		<Unit filename="/home/altex/tensorrtx/yolov5_exploring/yolov5/gen_wts.py">
			<Option target="deep_cores"/>
		</Unit>
		<Unit filename="/home/altex/tensorrtx/yolov5_exploring/yolov5/logging.h">
			<Option target="deep_cores"/>
		</Unit>
		<Unit filename="/home/altex/tensorrtx/yolov5_exploring/yolov5/utils.h">
			<Option target="deep_cores"/>
		</Unit>
		<Unit filename="/home/altex/tensorrtx/yolov5_exploring/yolov5/yololayer.cu">
			<Option target="deep_cores"/>
		</Unit>
		<Unit filename="/home/altex/tensorrtx/yolov5_exploring/yolov5/yololayer.h">
			<Option target="deep_cores"/>
		</Unit>
		<Unit filename="/home/altex/tensorrtx/yolov5_exploring/yolov5/yolov5.cpp">
			<Option target="deep_cores"/>
		</Unit>
		<Unit filename="/home/altex/tensorrtx/yolov5_exploring/yolov5/yolov5.h">
			<Option target="deep_cores"/>
		</Unit>
		<Unit filename="/home/altex/tensorrtx/yolov5_exploring/CMakeLists.txt">
			<Option virtualFolder="CMake Files\"/>
		</Unit>
		<Unit filename="/home/altex/tensorrtx/yolov5_exploring/../../OPENCV-4.5.0/lib/cmake/opencv4/OpenCVConfig-version.cmake">
			<Option virtualFolder="CMake Files\..\..\OPENCV-4.5.0\lib\cmake\opencv4\"/>
		</Unit>
		<Unit filename="/home/altex/tensorrtx/yolov5_exploring/../../OPENCV-4.5.0/lib/cmake/opencv4/OpenCVConfig.cmake">
			<Option virtualFolder="CMake Files\..\..\OPENCV-4.5.0\lib\cmake\opencv4\"/>
		</Unit>
		<Unit filename="/home/altex/tensorrtx/yolov5_exploring/../../OPENCV-4.5.0/lib/cmake/opencv4/OpenCVModules-release.cmake">
			<Option virtualFolder="CMake Files\..\..\OPENCV-4.5.0\lib\cmake\opencv4\"/>
		</Unit>
		<Unit filename="/home/altex/tensorrtx/yolov5_exploring/../../OPENCV-4.5.0/lib/cmake/opencv4/OpenCVModules.cmake">
			<Option virtualFolder="CMake Files\..\..\OPENCV-4.5.0\lib\cmake\opencv4\"/>
		</Unit>
	</Project>
</CodeBlocks_project_file>
